
Microsoft Visual Studio Solution File, Format Version 12.00
# Visual Studio 15
VisualStudioVersion = 15.0.28307.136
MinimumVisualStudioVersion = 10.0.40219.1
Project("{9A19103F-16F7-4668-BE54-9A1E7A4F7556}") = "Sanatana.Contents", "Sanatana.Contents\Sanatana.Contents.csproj", "{595AC522-768F-461E-B390-AC7DE9035776}"
EndProject
Project("{9A19103F-16F7-4668-BE54-9A1E7A4F7556}") = "Sanatana.Contents.Files.AmazonS3", "Sanatana.Contents.Files.AmazonS3\Sanatana.Contents.Files.AmazonS3.csproj", "{A44FBB50-E8CB-4F50-BAE6-C649066863AB}"
EndProject
Project("{9A19103F-16F7-4668-BE54-9A1E7A4F7556}") = "Sanatana.Contents.YouTube", "Sanatana.Contents.YouTube\Sanatana.Contents.YouTube.csproj", "{55148150-DF21-4D6F-9402-159DED5FF834}"
EndProject
Project("{9A19103F-16F7-4668-BE54-9A1E7A4F7556}") = "Sanatana.Contents.Search.ElasticSearch", "Sanatana.Contents.Search.ElasticSearch\Sanatana.Contents.Search.ElasticSearch.csproj", "{F63071E7-88BA-4926-9FB6-A7D3DA74C3FE}"
EndProject
Project("{2150E333-8FDC-42A3-9474-1A3956D46DE8}") = "Specs", "Specs", "{67A1AFD7-C666-4214-8586-02FEC1CB1ECF}"
EndProject
Project("{FAE04EC0-301F-11D3-BF4B-00C04F79EFBC}") = "Sanatana.Contents.Search.ElasticSearchSpecs", "Sanatana.Contents.Search.ElasticSearchSpecs\Sanatana.Contents.Search.ElasticSearchSpecs.csproj", "{A07723CB-EB46-4C31-B168-9C5E3AB5DE4C}"
EndProject
Project("{FAE04EC0-301F-11D3-BF4B-00C04F79EFBC}") = "Sanatana.ContentsSpecs", "Sanatana.ContentsSpecs\Sanatana.ContentsSpecs.csproj", "{0490429A-2778-49DF-B75C-6AA455DCA528}"
EndProject
Project("{9A19103F-16F7-4668-BE54-9A1E7A4F7556}") = "Sanatana.Contents.Database.MongoDb", "Sanatana.Contents.Database.MongoDb\Sanatana.Contents.Database.MongoDb.csproj", "{5A89ED46-8E2D-495E-BE03-AAB786E43A60}"
EndProject
Project("{FAE04EC0-301F-11D3-BF4B-00C04F79EFBC}") = "Sanatana.Contents.Database.MongoDbSpecs", "Sanatana.Contents.Database.MongoDbSpecs\Sanatana.Contents.Database.MongoDbSpecs.csproj", "{031F24CD-B91D-4A98-A3B0-FE9C78762EAE}"
EndProject
Project("{9A19103F-16F7-4668-BE54-9A1E7A4F7556}") = "Sanatana.Contents.Database.EntityFrameworkCore", "Sanatana.Contents.Database.EntityFrameworkCore\Sanatana.Contents.Database.EntityFrameworkCore.csproj", "{BD4F5100-238E-4F9A-9869-89B40D865B32}"
EndProject
Project("{FAE04EC0-301F-11D3-BF4B-00C04F79EFBC}") = "Sanatana.Contents.Database.EntityFrameworkCoreSpecs", "Sanatana.Contents.Database.EntityFrameworkCoreSpecs\Sanatana.Contents.Database.EntityFrameworkCoreSpecs.csproj", "{1113E0A5-FA11-4B36-B558-ABC9EE7C23D4}"
EndProject
Project("{2150E333-8FDC-42A3-9474-1A3956D46DE8}") = "Solution Items", "Solution Items", "{561BC27D-8E47-4B78-9637-2ACCB6637F8E}"
	ProjectSection(SolutionItems) = preProject
		.gitattributes = .gitattributes
		.gitignore = .gitignore
		.travis.yml = .travis.yml
		Directory.Build.props = Directory.Build.props
		LICENSE = LICENSE
		README.md = README.md
	EndProjectSection
EndProject
Global
	GlobalSection(SolutionConfigurationPlatforms) = preSolution
		Debug|Any CPU = Debug|Any CPU
		Release|Any CPU = Release|Any CPU
	EndGlobalSection
	GlobalSection(ProjectConfigurationPlatforms) = postSolution
		{595AC522-768F-461E-B390-AC7DE9035776}.Debug|Any CPU.ActiveCfg = Debug|Any CPU
		{595AC522-768F-461E-B390-AC7DE9035776}.Debug|Any CPU.Build.0 = Debug|Any CPU
		{595AC522-768F-461E-B390-AC7DE9035776}.Release|Any CPU.ActiveCfg = Release|Any CPU
		{595AC522-768F-461E-B390-AC7DE9035776}.Release|Any CPU.Build.0 = Release|Any CPU
		{A44FBB50-E8CB-4F50-BAE6-C649066863AB}.Debug|Any CPU.ActiveCfg = Debug|Any CPU
		{A44FBB50-E8CB-4F50-BAE6-C649066863AB}.Debug|Any CPU.Build.0 = Debug|Any CPU
		{A44FBB50-E8CB-4F50-BAE6-C649066863AB}.Release|Any CPU.ActiveCfg = Release|Any CPU
		{A44FBB50-E8CB-4F50-BAE6-C649066863AB}.Release|Any CPU.Build.0 = Release|Any CPU
		{55148150-DF21-4D6F-9402-159DED5FF834}.Debug|Any CPU.ActiveCfg = Debug|Any CPU
		{55148150-DF21-4D6F-9402-159DED5FF834}.Debug|Any CPU.Build.0 = Debug|Any CPU
		{55148150-DF21-4D6F-9402-159DED5FF834}.Release|Any CPU.ActiveCfg = Release|Any CPU
		{55148150-DF21-4D6F-9402-159DED5FF834}.Release|Any CPU.Build.0 = Release|Any CPU
		{F63071E7-88BA-4926-9FB6-A7D3DA74C3FE}.Debug|Any CPU.ActiveCfg = Debug|Any CPU
		{F63071E7-88BA-4926-9FB6-A7D3DA74C3FE}.Debug|Any CPU.Build.0 = Debug|Any CPU
		{F63071E7-88BA-4926-9FB6-A7D3DA74C3FE}.Release|Any CPU.ActiveCfg = Release|Any CPU
		{F63071E7-88BA-4926-9FB6-A7D3DA74C3FE}.Release|Any CPU.Build.0 = Release|Any CPU
		{A07723CB-EB46-4C31-B168-9C5E3AB5DE4C}.Debug|Any CPU.ActiveCfg = Debug|Any CPU
		{A07723CB-EB46-4C31-B168-9C5E3AB5DE4C}.Debug|Any CPU.Build.0 = Debug|Any CPU
		{A07723CB-EB46-4C31-B168-9C5E3AB5DE4C}.Release|Any CPU.ActiveCfg = Release|Any CPU
		{A07723CB-EB46-4C31-B168-9C5E3AB5DE4C}.Release|Any CPU.Build.0 = Release|Any CPU
		{0490429A-2778-49DF-B75C-6AA455DCA528}.Debug|Any CPU.ActiveCfg = Debug|Any CPU
		{0490429A-2778-49DF-B75C-6AA455DCA528}.Debug|Any CPU.Build.0 = Debug|Any CPU
		{0490429A-2778-49DF-B75C-6AA455DCA528}.Release|Any CPU.ActiveCfg = Release|Any CPU
		{0490429A-2778-49DF-B75C-6AA455DCA528}.Release|Any CPU.Build.0 = Release|Any CPU
		{5A89ED46-8E2D-495E-BE03-AAB786E43A60}.Debug|Any CPU.ActiveCfg = Debug|Any CPU
		{5A89ED46-8E2D-495E-BE03-AAB786E43A60}.Debug|Any CPU.Build.0 = Debug|Any CPU
		{5A89ED46-8E2D-495E-BE03-AAB786E43A60}.Release|Any CPU.ActiveCfg = Release|Any CPU
		{5A89ED46-8E2D-495E-BE03-AAB786E43A60}.Release|Any CPU.Build.0 = Release|Any CPU
		{031F24CD-B91D-4A98-A3B0-FE9C78762EAE}.Debug|Any CPU.ActiveCfg = Debug|Any CPU
		{031F24CD-B91D-4A98-A3B0-FE9C78762EAE}.Debug|Any CPU.Build.0 = Debug|Any CPU
		{031F24CD-B91D-4A98-A3B0-FE9C78762EAE}.Release|Any CPU.ActiveCfg = Release|Any CPU
		{031F24CD-B91D-4A98-A3B0-FE9C78762EAE}.Release|Any CPU.Build.0 = Release|Any CPU
		{BD4F5100-238E-4F9A-9869-89B40D865B32}.Debug|Any CPU.ActiveCfg = Debug|Any CPU
		{BD4F5100-238E-4F9A-9869-89B40D865B32}.Debug|Any CPU.Build.0 = Debug|Any CPU
		{BD4F5100-238E-4F9A-9869-89B40D865B32}.Release|Any CPU.ActiveCfg = Release|Any CPU
		{BD4F5100-238E-4F9A-9869-89B40D865B32}.Release|Any CPU.Build.0 = Release|Any CPU
		{1113E0A5-FA11-4B36-B558-ABC9EE7C23D4}.Debug|Any CPU.ActiveCfg = Debug|Any CPU
		{1113E0A5-FA11-4B36-B558-ABC9EE7C23D4}.Debug|Any CPU.Build.0 = Debug|Any CPU
		{1113E0A5-FA11-4B36-B558-ABC9EE7C23D4}.Release|Any CPU.ActiveCfg = Release|Any CPU
		{1113E0A5-FA11-4B36-B558-ABC9EE7C23D4}.Release|Any CPU.Build.0 = Release|Any CPU
	EndGlobalSection
	GlobalSection(SolutionProperties) = preSolution
		HideSolutionNode = FALSE
	EndGlobalSection
	GlobalSection(NestedProjects) = preSolution
		{A07723CB-EB46-4C31-B168-9C5E3AB5DE4C} = {67A1AFD7-C666-4214-8586-02FEC1CB1ECF}
		{0490429A-2778-49DF-B75C-6AA455DCA528} = {67A1AFD7-C666-4214-8586-02FEC1CB1ECF}
		{031F24CD-B91D-4A98-A3B0-FE9C78762EAE} = {67A1AFD7-C666-4214-8586-02FEC1CB1ECF}
		{1113E0A5-FA11-4B36-B558-ABC9EE7C23D4} = {67A1AFD7-C666-4214-8586-02FEC1CB1ECF}
	EndGlobalSection
	GlobalSection(ExtensibilityGlobals) = postSolution
		SolutionGuid = {5644BD29-3535-4CAB-B204-2F15E0912206}
	EndGlobalSection
EndGlobal
