
Microsoft Visual Studio Solution File, Format Version 12.00
# Visual Studio 14
VisualStudioVersion = 14.0.25123.0
MinimumVisualStudioVersion = 10.0.40219.1
Project("{2150E333-8FDC-42A3-9474-1A3956D46DE8}") = "Modules", "Modules", "{C5FD2A1E-73F4-4BE0-A853-75C55028DC04}"
EndProject
Project("{2150E333-8FDC-42A3-9474-1A3956D46DE8}") = "Tests", "Tests", "{CA960F00-9FA5-4B6B-8594-7E3171EB592B}"
EndProject
Project("{FAE04EC0-301F-11D3-BF4B-00C04F79EFBC}") = "ContentManagementBackend", "ContentManagementBackend\ContentManagementBackend.csproj", "{9C920D46-0705-4B2F-96C4-E8478E842D74}"
EndProject
Project("{FAE04EC0-301F-11D3-BF4B-00C04F79EFBC}") = "ContentManagementBackend.AmazonS3Files", "ContentManagementBackend.AmazonS3Files\ContentManagementBackend.AmazonS3Files.csproj", "{66184EE8-22C3-435A-A6EF-8088688D5DCA}"
EndProject
Project("{FAE04EC0-301F-11D3-BF4B-00C04F79EFBC}") = "ContentManagementBackend.ElasticSearch", "ContentManagementBackend.ElasticSearch\ContentManagementBackend.ElasticSearch.csproj", "{8CB1AFBB-0748-4E1A-9D51-982A1B6C84D9}"
EndProject
Project("{FAE04EC0-301F-11D3-BF4B-00C04F79EFBC}") = "ContentManagementBackend.MongoDbStorage", "ContentManagementBackend.MongoDbStorage\ContentManagementBackend.MongoDbStorage.csproj", "{3EEF7F4B-F818-4744-8011-850599F850A8}"
EndProject
Project("{FAE04EC0-301F-11D3-BF4B-00C04F79EFBC}") = "ContentManagementBackend.Recaptcha", "ContentManagementBackend.Recaptcha\ContentManagementBackend.Recaptcha.csproj", "{0CCD1CC5-D5BB-4886-8BA3-035D2698DA66}"
EndProject
Project("{FAE04EC0-301F-11D3-BF4B-00C04F79EFBC}") = "ContentManagementBackend.AmazonS3Files.Tests", "ContentManagementBackend.AmazonS3Files.Tests\ContentManagementBackend.AmazonS3Files.Tests.csproj", "{971EA448-F34A-477D-AD3E-6FF78F8D29DF}"
EndProject
Project("{FAE04EC0-301F-11D3-BF4B-00C04F79EFBC}") = "ContentManagementBackend.MongoDbStorage.Tests", "ContentManagementBackend.MongoDbStorage.Tests\ContentManagementBackend.MongoDbStorage.Tests.csproj", "{75E9AD57-2026-41F9-A48D-85B5ED143A62}"
EndProject
Project("{FAE04EC0-301F-11D3-BF4B-00C04F79EFBC}") = "ContentManagementBackend.Tests", "ContentManagementBackend.Tests\ContentManagementBackend.Tests.csproj", "{FA0799D9-0B13-431F-A449-5D3F69AC5464}"
EndProject
Project("{FAE04EC0-301F-11D3-BF4B-00C04F79EFBC}") = "ContentManagementBackend.Demo", "ContentManagementBackend.Demo\ContentManagementBackend.Demo.csproj", "{C4ACB872-4010-40D2-AE07-678AD51A6F8F}"
EndProject
Project("{FAE04EC0-301F-11D3-BF4B-00C04F79EFBC}") = "ContentManagementBackend.Initializer", "ContentManagementBackend.Initializer\ContentManagementBackend.Initializer.csproj", "{24DDFB83-C80D-4B9A-8407-962D422249AD}"
EndProject
Project("{FAE04EC0-301F-11D3-BF4B-00C04F79EFBC}") = "ContentManagementBackend.InitializerModules", "ContentManagementBackend.InitializerModules\ContentManagementBackend.InitializerModules.csproj", "{DACD36ED-60C1-4E44-B5CB-79309CE8D803}"
EndProject
Global
	GlobalSection(SolutionConfigurationPlatforms) = preSolution
		Debug|Any CPU = Debug|Any CPU
		Release|Any CPU = Release|Any CPU
	EndGlobalSection
	GlobalSection(ProjectConfigurationPlatforms) = postSolution
		{9C920D46-0705-4B2F-96C4-E8478E842D74}.Debug|Any CPU.ActiveCfg = Debug|Any CPU
		{9C920D46-0705-4B2F-96C4-E8478E842D74}.Debug|Any CPU.Build.0 = Debug|Any CPU
		{9C920D46-0705-4B2F-96C4-E8478E842D74}.Release|Any CPU.ActiveCfg = Release|Any CPU
		{9C920D46-0705-4B2F-96C4-E8478E842D74}.Release|Any CPU.Build.0 = Release|Any CPU
		{66184EE8-22C3-435A-A6EF-8088688D5DCA}.Debug|Any CPU.ActiveCfg = Debug|Any CPU
		{66184EE8-22C3-435A-A6EF-8088688D5DCA}.Debug|Any CPU.Build.0 = Debug|Any CPU
		{66184EE8-22C3-435A-A6EF-8088688D5DCA}.Release|Any CPU.ActiveCfg = Release|Any CPU
		{66184EE8-22C3-435A-A6EF-8088688D5DCA}.Release|Any CPU.Build.0 = Release|Any CPU
		{8CB1AFBB-0748-4E1A-9D51-982A1B6C84D9}.Debug|Any CPU.ActiveCfg = Debug|Any CPU
		{8CB1AFBB-0748-4E1A-9D51-982A1B6C84D9}.Debug|Any CPU.Build.0 = Debug|Any CPU
		{8CB1AFBB-0748-4E1A-9D51-982A1B6C84D9}.Release|Any CPU.ActiveCfg = Release|Any CPU
		{8CB1AFBB-0748-4E1A-9D51-982A1B6C84D9}.Release|Any CPU.Build.0 = Release|Any CPU
		{3EEF7F4B-F818-4744-8011-850599F850A8}.Debug|Any CPU.ActiveCfg = Debug|Any CPU
		{3EEF7F4B-F818-4744-8011-850599F850A8}.Debug|Any CPU.Build.0 = Debug|Any CPU
		{3EEF7F4B-F818-4744-8011-850599F850A8}.Release|Any CPU.ActiveCfg = Release|Any CPU
		{3EEF7F4B-F818-4744-8011-850599F850A8}.Release|Any CPU.Build.0 = Release|Any CPU
		{0CCD1CC5-D5BB-4886-8BA3-035D2698DA66}.Debug|Any CPU.ActiveCfg = Debug|Any CPU
		{0CCD1CC5-D5BB-4886-8BA3-035D2698DA66}.Debug|Any CPU.Build.0 = Debug|Any CPU
		{0CCD1CC5-D5BB-4886-8BA3-035D2698DA66}.Release|Any CPU.ActiveCfg = Release|Any CPU
		{0CCD1CC5-D5BB-4886-8BA3-035D2698DA66}.Release|Any CPU.Build.0 = Release|Any CPU
		{971EA448-F34A-477D-AD3E-6FF78F8D29DF}.Debug|Any CPU.ActiveCfg = Debug|Any CPU
		{971EA448-F34A-477D-AD3E-6FF78F8D29DF}.Debug|Any CPU.Build.0 = Debug|Any CPU
		{971EA448-F34A-477D-AD3E-6FF78F8D29DF}.Release|Any CPU.ActiveCfg = Release|Any CPU
		{971EA448-F34A-477D-AD3E-6FF78F8D29DF}.Release|Any CPU.Build.0 = Release|Any CPU
		{75E9AD57-2026-41F9-A48D-85B5ED143A62}.Debug|Any CPU.ActiveCfg = Debug|Any CPU
		{75E9AD57-2026-41F9-A48D-85B5ED143A62}.Debug|Any CPU.Build.0 = Debug|Any CPU
		{75E9AD57-2026-41F9-A48D-85B5ED143A62}.Release|Any CPU.ActiveCfg = Release|Any CPU
		{75E9AD57-2026-41F9-A48D-85B5ED143A62}.Release|Any CPU.Build.0 = Release|Any CPU
		{FA0799D9-0B13-431F-A449-5D3F69AC5464}.Debug|Any CPU.ActiveCfg = Debug|Any CPU
		{FA0799D9-0B13-431F-A449-5D3F69AC5464}.Debug|Any CPU.Build.0 = Debug|Any CPU
		{FA0799D9-0B13-431F-A449-5D3F69AC5464}.Release|Any CPU.ActiveCfg = Release|Any CPU
		{FA0799D9-0B13-431F-A449-5D3F69AC5464}.Release|Any CPU.Build.0 = Release|Any CPU
		{C4ACB872-4010-40D2-AE07-678AD51A6F8F}.Debug|Any CPU.ActiveCfg = Debug|Any CPU
		{C4ACB872-4010-40D2-AE07-678AD51A6F8F}.Debug|Any CPU.Build.0 = Debug|Any CPU
		{C4ACB872-4010-40D2-AE07-678AD51A6F8F}.Release|Any CPU.ActiveCfg = Release|Any CPU
		{C4ACB872-4010-40D2-AE07-678AD51A6F8F}.Release|Any CPU.Build.0 = Release|Any CPU
		{24DDFB83-C80D-4B9A-8407-962D422249AD}.Debug|Any CPU.ActiveCfg = Debug|Any CPU
		{24DDFB83-C80D-4B9A-8407-962D422249AD}.Debug|Any CPU.Build.0 = Debug|Any CPU
		{24DDFB83-C80D-4B9A-8407-962D422249AD}.Release|Any CPU.ActiveCfg = Release|Any CPU
		{24DDFB83-C80D-4B9A-8407-962D422249AD}.Release|Any CPU.Build.0 = Release|Any CPU
		{DACD36ED-60C1-4E44-B5CB-79309CE8D803}.Debug|Any CPU.ActiveCfg = Debug|Any CPU
		{DACD36ED-60C1-4E44-B5CB-79309CE8D803}.Debug|Any CPU.Build.0 = Debug|Any CPU
		{DACD36ED-60C1-4E44-B5CB-79309CE8D803}.Release|Any CPU.ActiveCfg = Release|Any CPU
		{DACD36ED-60C1-4E44-B5CB-79309CE8D803}.Release|Any CPU.Build.0 = Release|Any CPU
	EndGlobalSection
	GlobalSection(SolutionProperties) = preSolution
		HideSolutionNode = FALSE
	EndGlobalSection
	GlobalSection(NestedProjects) = preSolution
		{66184EE8-22C3-435A-A6EF-8088688D5DCA} = {C5FD2A1E-73F4-4BE0-A853-75C55028DC04}
		{8CB1AFBB-0748-4E1A-9D51-982A1B6C84D9} = {C5FD2A1E-73F4-4BE0-A853-75C55028DC04}
		{3EEF7F4B-F818-4744-8011-850599F850A8} = {C5FD2A1E-73F4-4BE0-A853-75C55028DC04}
		{0CCD1CC5-D5BB-4886-8BA3-035D2698DA66} = {C5FD2A1E-73F4-4BE0-A853-75C55028DC04}
		{971EA448-F34A-477D-AD3E-6FF78F8D29DF} = {CA960F00-9FA5-4B6B-8594-7E3171EB592B}
		{75E9AD57-2026-41F9-A48D-85B5ED143A62} = {CA960F00-9FA5-4B6B-8594-7E3171EB592B}
		{FA0799D9-0B13-431F-A449-5D3F69AC5464} = {CA960F00-9FA5-4B6B-8594-7E3171EB592B}
		{DACD36ED-60C1-4E44-B5CB-79309CE8D803} = {C5FD2A1E-73F4-4BE0-A853-75C55028DC04}
	EndGlobalSection
EndGlobal
